
Microsoft Visual Studio Solution File, Format Version 12.00
# Visual Studio Version 16
VisualStudioVersion = 16.0.32126.315
MinimumVisualStudioVersion = 10.0.40219.1
Project("{FAE04EC0-301F-11D3-BF4B-00C04F79EFBC}") = "pruebaGit", "pruebaGit\pruebaGit.csproj", "{DC61777D-C520-467F-B032-52AF97720C6F}"
EndProject
Global
	GlobalSection(SolutionConfigurationPlatforms) = preSolution
		Debug|Any CPU = Debug|Any CPU
		Release|Any CPU = Release|Any CPU
	EndGlobalSection
	GlobalSection(ProjectConfigurationPlatforms) = postSolution
		{DC61777D-C520-467F-B032-52AF97720C6F}.Debug|Any CPU.ActiveCfg = Debug|Any CPU
		{DC61777D-C520-467F-B032-52AF97720C6F}.Debug|Any CPU.Build.0 = Debug|Any CPU
		{DC61777D-C520-467F-B032-52AF97720C6F}.Release|Any CPU.ActiveCfg = Release|Any CPU
		{DC61777D-C520-467F-B032-52AF97720C6F}.Release|Any CPU.Build.0 = Release|Any CPU
	EndGlobalSection
	GlobalSection(SolutionProperties) = preSolution
		HideSolutionNode = FALSE
	EndGlobalSection
	GlobalSection(ExtensibilityGlobals) = postSolution
		SolutionGuid = {0E38E0A7-7B34-4C23-ACB2-FB10776591C7}
	EndGlobalSection
EndGlobal
